
Microsoft Visual Studio Solution File, Format Version 12.00
# Visual Studio Version 17
VisualStudioVersion = 17.8.34316.72
MinimumVisualStudioVersion = 10.0.40219.1
Project("{9A19103F-16F7-4668-BE54-9A1E7A4F7556}") = "InfoPages", "InfoPages.csproj", "{9965ED66-0A1E-4835-AC8A-9E587B00A779}"
EndProject
Global
	GlobalSection(SolutionConfigurationPlatforms) = preSolution
		Debug|Any CPU = Debug|Any CPU
		Release|Any CPU = Release|Any CPU
	EndGlobalSection
	GlobalSection(ProjectConfigurationPlatforms) = postSolution
		{9965ED66-0A1E-4835-AC8A-9E587B00A779}.Debug|Any CPU.ActiveCfg = Debug|Any CPU
		{9965ED66-0A1E-4835-AC8A-9E587B00A779}.Debug|Any CPU.Build.0 = Debug|Any CPU
		{9965ED66-0A1E-4835-AC8A-9E587B00A779}.Release|Any CPU.ActiveCfg = Release|Any CPU
		{9965ED66-0A1E-4835-AC8A-9E587B00A779}.Release|Any CPU.Build.0 = Release|Any CPU
	EndGlobalSection
	GlobalSection(SolutionProperties) = preSolution
		HideSolutionNode = FALSE
	EndGlobalSection
	GlobalSection(ExtensibilityGlobals) = postSolution
		SolutionGuid = {01AE51AA-E0ED-44A3-A00C-E096B74C937A}
	EndGlobalSection
EndGlobal
